PODS:
  - CameraCloudClient (0.2.0)
  - MJExtension (3.2.3)

DEPENDENCIES:
  - CameraCloudClient (from `../`)
  - MJExtension

SPEC REPOS:
  trunk:
    - MJExtension

EXTERNAL SOURCES:
  CameraCloudClient:
    :path: "../"

SPEC CHECKSUMS:
  CameraCloudClient: e41167f04d008304d4f68804a39ec64c2aa82e26
  MJExtension: a6fd35a527dafd7f3f1259017ee57551d58b3bb8

PODFILE CHECKSUM: 4811a7b20829c6733aa2dbf8523808a8e83ab6f0

COCOAPODS: 1.9.3
